
Microsoft Visual Studio Solution File, Format Version 12.00
# Visual Studio Version 17
VisualStudioVersion = 17.11.35303.130
MinimumVisualStudioVersion = 10.0.40219.1
Project("{FAE04EC0-301F-11D3-BF4B-00C04F79EFBC}") = "webProje", "webProje.csproj", "{BC350B44-8DD4-49D4-A88F-36424644678E}"
EndProject
Global
	GlobalSection(SolutionConfigurationPlatforms) = preSolution
		Debug|Any CPU = Debug|Any CPU
		Release|Any CPU = Release|Any CPU
	EndGlobalSection
	GlobalSection(ProjectConfigurationPlatforms) = postSolution
		{BC350B44-8DD4-49D4-A88F-36424644678E}.Debug|Any CPU.ActiveCfg = Debug|Any CPU
		{BC350B44-8DD4-49D4-A88F-36424644678E}.Debug|Any CPU.Build.0 = Debug|Any CPU
		{BC350B44-8DD4-49D4-A88F-36424644678E}.Release|Any CPU.ActiveCfg = Release|Any CPU
		{BC350B44-8DD4-49D4-A88F-36424644678E}.Release|Any CPU.Build.0 = Release|Any CPU
	EndGlobalSection
	GlobalSection(SolutionProperties) = preSolution
		HideSolutionNode = FALSE
	EndGlobalSection
	GlobalSection(ExtensibilityGlobals) = postSolution
		SolutionGuid = {4553673F-3231-4BB2-A3AD-0E3D212F7DDB}
	EndGlobalSection
EndGlobal
